// !$*UTF8*$!
{
	archiveVersion = 1;
	classes = {
	};
	objectVersion = 50;
	objects = {

/* Begin PBXBuildFile section */
		7AD78C4C2192CF4C00251250 /* TableViewCell.swift in Sources */ = {isa = PBXBuildFile; fileRef = 7AD78C4B2192CF4C00251250 /* TableViewCell.swift */; };
		7AD78C4E2193098000251250 /* ChildViewController.swift in Sources */ = {isa = PBXBuildFile; fileRef = 7AD78C4D2193098000251250 /* ChildViewController.swift */; };
		7AF3A37F21919AAF00ED6676 /* AppDelegate.swift in Sources */ = {isa = PBXBuildFile; fileRef = 7AF3A37E21919AAF00ED6676 /* AppDelegate.swift */; };
		7AF3A38121919AAF00ED6676 /* ViewController.swift in Sources */ = {isa = PBXBuildFile; fileRef = 7AF3A38021919AAF00ED6676 /* ViewController.swift */; };
		7AF3A38421919AAF00ED6676 /* Main.storyboard in Resources */ = {isa = PBXBuildFile; fileRef = 7AF3A38221919AAF00ED6676 /* Main.storyboard */; };
		7AF3A38621919AB200ED6676 /* Assets.xcassets in Resources */ = {isa = PBXBuildFile; fileRef = 7AF3A38521919AB200ED6676 /* Assets.xcassets */; };
		7AF3A38921919AB200ED6676 /* LaunchScreen.storyboard in Resources */ = {isa = PBXBuildFile; fileRef = 7AF3A38721919AB200ED6676 /* LaunchScreen.storyboard */; };
		7AF3A39121919B2A00ED6676 /* NetworkManager.swift in Sources */ = {isa = PBXBuildFile; fileRef = 7AF3A39021919B2A00ED6676 /* NetworkManager.swift */; };
		7AF3A3932191A93600ED6676 /* User.swift in Sources */ = {isa = PBXBuildFile; fileRef = 7AF3A3922191A93600ED6676 /* User.swift */; };
/* End PBXBuildFile section */

/* Begin PBXFileReference section */
		7AD78C4B2192CF4C00251250 /* TableViewCell.swift */ = {isa = PBXFileReference; lastKnownFileType = sourcecode.swift; path = TableViewCell.swift; sourceTree = "<group>"; };
		7AD78C4D2193098000251250 /* ChildViewController.swift */ = {isa = PBXFileReference; lastKnownFileType = sourcecode.swift; path = ChildViewController.swift; sourceTree = "<group>"; };
		7AF3A37B21919AAF00ED6676 /* Sample1.app */ = {isa = PBXFileReference; explicitFileType = wrapper.application; includeInIndex = 0; path = Sample1.app; sourceTree = BUILT_PRODUCTS_DIR; };
		7AF3A37E21919AAF00ED6676 /* AppDelegate.swift */ = {isa = PBXFileReference; lastKnownFileType = sourcecode.swift; path = AppDelegate.swift; sourceTree = "<group>"; };
		7AF3A38021919AAF00ED6676 /* ViewController.swift */ = {isa = PBXFileReference; lastKnownFileType = sourcecode.swift; path = ViewController.swift; sourceTree = "<group>"; };
		7AF3A38321919AAF00ED6676 /* Base */ = {isa = PBXFileReference; lastKnownFileType = file.storyboard; name = Base; path = Base.lproj/Main.storyboard; sourceTree = "<group>"; };
		7AF3A38521919AB200ED6676 /* Assets.xcassets */ = {isa = PBXFileReference; lastKnownFileType = folder.assetcatalog; path = Assets.xcassets; sourceTree = "<group>"; };
		7AF3A38821919AB200ED6676 /* Base */ = {isa = PBXFileReference; lastKnownFileType = file.storyboard; name = Base; path = Base.lproj/LaunchScreen.storyboard; sourceTree = "<group>"; };
		7AF3A38A21919AB200ED6676 /* Info.plist */ = {isa = PBXFileReference; lastKnownFileType = text.plist.xml; path = Info.plist; sourceTree = "<group>"; };
		7AF3A39021919B2A00ED6676 /* NetworkManager.swift */ = {isa = PBXFileReference; lastKnownFileType = sourcecode.swift; path = NetworkManager.swift; sourceTree = "<group>"; };
		7AF3A3922191A93600ED6676 /* User.swift */ = {isa = PBXFileReference; lastKnownFileType = sourcecode.swift; path = User.swift; sourceTree = "<group>"; };
/* End PBXFileReference section */

/* Begin PBXFrameworksBuildPhase section */
		7AF3A37821919AAF00ED6676 /* Frameworks */ = {
			isa = PBXFrameworksBuildPhase;
			buildActionMask = 2147483647;
			files = (
			);
			runOnlyForDeploymentPostprocessing = 0;
		};
/* End PBXFrameworksBuildPhase section */

/* Begin PBXGroup section */
		7AF3A37221919AAF00ED6676 = {
			isa = PBXGroup;
			children = (
				7AF3A37D21919AAF00ED6676 /* Sample1 */,
				7AF3A37C21919AAF00ED6676 /* Products */,
			);
			sourceTree = "<group>";
		};
		7AF3A37C21919AAF00ED6676 /* Products */ = {
			isa = PBXGroup;
			children = (
				7AF3A37B21919AAF00ED6676 /* Sample1.app */,
			);
			name = Products;
			sourceTree = "<group>";
		};
		7AF3A37D21919AAF00ED6676 /* Sample1 */ = {
			isa = PBXGroup;
			children = (
				7AF3A37E21919AAF00ED6676 /* AppDelegate.swift */,
				7AF3A38021919AAF00ED6676 /* ViewController.swift */,
				7AD78C4D2193098000251250 /* ChildViewController.swift */,
				7AD78C4B2192CF4C00251250 /* TableViewCell.swift */,
				7AF3A39021919B2A00ED6676 /* NetworkManager.swift */,
				7AF3A3922191A93600ED6676 /* User.swift */,
				7AF3A38221919AAF00ED6676 /* Main.storyboard */,
				7AF3A38521919AB200ED6676 /* Assets.xcassets */,
				7AF3A38721919AB200ED6676 /* LaunchScreen.storyboard */,
				7AF3A38A21919AB200ED6676 /* Info.plist */,
			);
			path = Sample1;
			sourceTree = "<group>";
		};
/* End PBXGroup section */

/* Begin PBXNativeTarget section */
		7AF3A37A21919AAF00ED6676 /* Sample1 */ = {
			isa = PBXNativeTarget;
			buildConfigurationList = 7AF3A38D21919AB200ED6676 /* Build configuration list for PBXNativeTarget "Sample1" */;
			buildPhases = (
				7AF3A37721919AAF00ED6676 /* Sources */,
				7AF3A37821919AAF00ED6676 /* Frameworks */,
				7AF3A37921919AAF00ED6676 /* Resources */,
			);
			buildRules = (
			);
			dependencies = (
			);
			name = Sample1;
			productName = Sample1;
			productReference = 7AF3A37B21919AAF00ED6676 /* Sample1.app */;
			productType = "com.apple.product-type.application";
		};
/* End PBXNativeTarget section */

/* Begin PBXProject section */
		7AF3A37321919AAF00ED6676 /* Project object */ = {
			isa = PBXProject;
			attributes = {
				LastSwiftUpdateCheck = 0940;
				LastUpgradeCheck = 0940;
				TargetAttributes = {
					7AF3A37A21919AAF00ED6676 = {
						CreatedOnToolsVersion = 9.4.1;
					};
				};
			};
			buildConfigurationList = 7AF3A37621919AAF00ED6676 /* Build configuration list for PBXProject "Sample1" */;
			compatibilityVersion = "Xcode 9.3";
			developmentRegion = en;
			hasScannedForEncodings = 0;
			knownRegions = (
				en,
				Base,
			);
			mainGroup = 7AF3A37221919AAF00ED6676;
			productRefGroup = 7AF3A37C21919AAF00ED6676 /* Products */;
			projectDirPath = "";
			projectRoot = "";
			targets = (
				7AF3A37A21919AAF00ED6676 /* Sample1 */,
			);
		};
/* End PBXProject section */

/* Begin PBXResourcesBuildPhase section */
		7AF3A37921919AAF00ED6676 /* Resources */ = {
			isa = PBXResourcesBuildPhase;
			buildActionMask = 2147483647;
			files = (
				7AF3A38921919AB200ED6676 /* LaunchScreen.storyboard in Resources */,
				7AF3A38621919AB200ED6676 /* Assets.xcassets in Resources */,
				7AF3A38421919AAF00ED6676 /* Main.storyboard in Resources */,
			);
			runOnlyForDeploymentPostprocessing = 0;
		};
/* End PBXResourcesBuildPhase section */

/* Begin PBXSourcesBuildPhase section */
		7AF3A37721919AAF00ED6676 /* Sources */ = {
			isa = PBXSourcesBuildPhase;
			buildActionMask = 2147483647;
			files = (
				7AD78C4C2192CF4C00251250 /* TableViewCell.swift in Sources */,
				7AF3A39121919B2A00ED6676 /* NetworkManager.swift in Sources */,
				7AF3A38121919AAF00ED6676 /* ViewController.swift in Sources */,
				7AF3A37F21919AAF00ED6676 /* AppDelegate.swift in Sources */,
				7AF3A3932191A93600ED6676 /* User.swift in Sources */,
				7AD78C4E2193098000251250 /* ChildViewController.swift in Sources */,
			);
			runOnlyForDeploymentPostprocessing = 0;
		};
/* End PBXSourcesBuildPhase section */

/* Begin PBXVariantGroup section */
		7AF3A38221919AAF00ED6676 /* Main.storyboard */ = {
			isa = PBXVariantGroup;
			children = (
				7AF3A38321919AAF00ED6676 /* Base */,
			);
			name = Main.storyboard;
			sourceTree = "<group>";
		};
		7AF3A38721919AB200ED6676 /* LaunchScreen.storyboard */ = {
			isa = PBXVariantGroup;
			children = (
				7AF3A38821919AB200ED6676 /* Base */,
			);
			name = LaunchScreen.storyboard;
			sourceTree = "<group>";
		};
/* End PBXVariantGroup section */

/* Begin XCBuildConfiguration section */
		7AF3A38B21919AB200ED6676 /* Debug */ = {
			isa = XCBuildConfiguration;
			buildSettings = {
				ALWAYS_SEARCH_USER_PATHS = NO;
				CLANG_ANALYZER_NONNULL = YES;
				CLANG_ANALYZER_NUMBER_OBJECT_CONVERSION = YES_AGGRESSIVE;
				CLANG_CXX_LANGUAGE_STANDARD = "gnu++14";
				CLANG_CXX_LIBRARY = "libc++";
				CLANG_ENABLE_MODULES = YES;
				CLANG_ENABLE_OBJC_ARC = YES;
				CLANG_ENABLE_OBJC_WEAK = YES;
				CLANG_WARN_BLOCK_CAPTURE_AUTORELEASING = YES;
				CLANG_WARN_BOOL_CONVERSION = YES;
				CLANG_WARN_COMMA = YES;
				CLANG_WARN_CONSTANT_CONVERSION = YES;
				CLANG_WARN_DEPRECATED_OBJC_IMPLEMENTATIONS = YES;
				CLANG_WARN_DIRECT_OBJC_ISA_USAGE = YES_ERROR;
				CLANG_WARN_DOCUMENTATION_COMMENTS = YES;
				CLANG_WARN_EMPTY_BODY = YES;
				CLANG_WARN_ENUM_CONVERSION = YES;
				CLANG_WARN_INFINITE_RECURSION = YES;
				CLANG_WARN_INT_CONVERSION = YES;
				CLANG_WARN_NON_LITERAL_NULL_CONVERSION = YES;
				CLANG_WARN_OBJC_IMPLICIT_RETAIN_SELF = YES;
				CLANG_WARN_OBJC_LITERAL_CONVERSION = YES;
				CLANG_WARN_OBJC_ROOT_CLASS = YES_ERROR;
				CLANG_WARN_RANGE_LOOP_ANALYSIS = YES;
				CLANG_WARN_STRICT_PROTOTYPES = YES;
				CLANG_WARN_SUSPICIOUS_MOVE = YES;
				CLANG_WARN_UNGUARDED_AVAILABILITY = YES_AGGRESSIVE;
				CLANG_WARN_UNREACHABLE_CODE = YES;
				CLANG_WARN__DUPLICATE_METHOD_MATCH = YES;
				CODE_SIGN_IDENTITY = "iPhone Developer";
				COPY_PHASE_STRIP = NO;
				DEBUG_INFORMATION_FORMAT = dwarf;
				ENABLE_STRICT_OBJC_MSGSEND = YES;
				ENABLE_TESTABILITY = YES;
				GCC_C_LANGUAGE_STANDARD = gnu11;
				GCC_DYNAMIC_NO_PIC = NO;
				GCC_NO_COMMON_BLOCKS = YES;
				GCC_OPTIMIZATION_LEVEL = 0;
				GCC_PREPROCESSOR_DEFINITIONS = (
					"DEBUG=1",
					"$(inherited)",
				);
				GCC_WARN_64_TO_32_BIT_CONVERSION = YES;
				GCC_WARN_ABOUT_RETURN_TYPE = YES_ERROR;
				GCC_WARN_UNDECLARED_SELECTOR = YES;
				GCC_WARN_UNINITIALIZED_AUTOS = YES_AGGRESSIVE;
				GCC_WARN_UNUSED_FUNCTION = YES;
				GCC_WARN_UNUSED_VARIABLE = YES;
				IPHONEOS_DEPLOYMENT_TARGET = 11.4;
				MTL_ENABLE_DEBUG_INFO = YES;
				ONLY_ACTIVE_ARCH = YES;
				SDKROOT = iphoneos;
				SWIFT_ACTIVE_COMPILATION_CONDITIONS = DEBUG;
				SWIFT_OPTIMIZATION_LEVEL = "-Onone";
			};
			name = Debug;
		};
		7AF3A38C21919AB200ED6676 /* Release */ = {
			isa = XCBuildConfiguration;
			buildSettings = {
				ALWAYS_SEARCH_USER_PATHS = NO;
				CLANG_ANALYZER_NONNULL = YES;
				CLANG_ANALYZER_NUMBER_OBJECT_CONVERSION = YES_AGGRESSIVE;
				CLANG_CXX_LANGUAGE_STANDARD = "gnu++14";
				CLANG_CXX_LIBRARY = "libc++";
				CLANG_ENABLE_MODULES = YES;
				CLANG_ENABLE_OBJC_ARC = YES;
				CLANG_ENABLE_OBJC_WEAK = YES;
				CLANG_WARN_BLOCK_CAPTURE_AUTORELEASING = YES;
				CLANG_WARN_BOOL_CONVERSION = YES;
				CLANG_WARN_COMMA = YES;
				CLANG_WARN_CONSTANT_CONVERSION = YES;
				CLANG_WARN_DEPRECATED_OBJC_IMPLEMENTATIONS = YES;
				CLANG_WARN_DIRECT_OBJC_ISA_USAGE = YES_ERROR;
				CLANG_WARN_DOCUMENTATION_COMMENTS = YES;
				CLANG_WARN_EMPTY_BODY = YES;
				CLANG_WARN_ENUM_CONVERSION = YES;
				CLANG_WARN_INFINITE_RECURSION = YES;
				CLANG_WARN_INT_CONVERSION = YES;
				CLANG_WARN_NON_LITERAL_NULL_CONVERSION = YES;
				CLANG_WARN_OBJC_IMPLICIT_RETAIN_SELF = YES;
				CLANG_WARN_OBJC_LITERAL_CONVERSION = YES;
				CLANG_WARN_OBJC_ROOT_CLASS = YES_ERROR;
				CLANG_WARN_RANGE_LOOP_ANALYSIS = YES;
				CLANG_WARN_STRICT_PROTOTYPES = YES;
				CLANG_WARN_SUSPICIOUS_MOVE = YES;
				CLANG_WARN_UNGUARDED_AVAILABILITY = YES_AGGRESSIVE;
				CLANG_WARN_UNREACHABLE_CODE = YES;
				CLANG_WARN__DUPLICATE_METHOD_MATCH = YES;
				CODE_SIGN_IDENTITY = "iPhone Developer";
				COPY_PHASE_STRIP = NO;
				DEBUG_INFORMATION_FORMAT = "dwarf-with-dsym";
				ENABLE_NS_ASSERTIONS = NO;
				ENABLE_STRICT_OBJC_MSGSEND = YES;
				GCC_C_LANGUAGE_STANDARD = gnu11;
				GCC_NO_COMMON_BLOCKS = YES;
				GCC_WARN_64_TO_32_BIT_CONVERSION = YES;
				GCC_WARN_ABOUT_RETURN_TYPE = YES_ERROR;
				GCC_WARN_UNDECLARED_SELECTOR = YES;
				GCC_WARN_UNINITIALIZED_AUTOS = YES_AGGRESSIVE;
				GCC_WARN_UNUSED_FUNCTION = YES;
				GCC_WARN_UNUSED_VARIABLE = YES;
				IPHONEOS_DEPLOYMENT_TARGET = 11.4;
				MTL_ENABLE_DEBUG_INFO = NO;
				SDKROOT = iphoneos;
				SWIFT_COMPILATION_MODE = wholemodule;
				SWIFT_OPTIMIZATION_LEVEL = "-O";
				VALIDATE_PRODUCT = YES;
			};
			name = Release;
		};
		7AF3A38E21919AB200ED6676 /* Debug */ = {
			isa = XCBuildConfiguration;
			buildSettings = {
				ASSETCATALOG_COMPILER_APPICON_NAME = AppIcon;
				CODE_SIGN_STYLE = Manual;
				DEVELOPMENT_TEAM = "";
				INFOPLIST_FILE = Sample1/Info.plist;
				IPHONEOS_DEPLOYMENT_TARGET = 9.0;
				LD_RUNPATH_SEARCH_PATHS = (
					"$(inherited)",
					"@executable_path/Frameworks",
				);
				PRODUCT_BUNDLE_IDENTIFIER = com.sample.Sample1;
				PRODUCT_NAME = "$(TARGET_NAME)";
				PROVISIONING_PROFILE_SPECIFIER = "";
				SWIFT_VERSION = 4.0;
				TARGETED_DEVICE_FAMILY = "1,2";
			};
			name = Debug;
		};
		7AF3A38F21919AB200ED6676 /* Release */ = {
			isa = XCBuildConfiguration;
			buildSettings = {
				ASSETCATALOG_COMPILER_APPICON_NAME = AppIcon;
				CODE_SIGN_STYLE = Manual;
				DEVELOPMENT_TEAM = "";
				INFOPLIST_FILE = Sample1/Info.plist;
				IPHONEOS_DEPLOYMENT_TARGET = 9.0;
				LD_RUNPATH_SEARCH_PATHS = (
					"$(inherited)",
					"@executable_path/Frameworks",
				);
				PRODUCT_BUNDLE_IDENTIFIER = com.sample.Sample1;
				PRODUCT_NAME = "$(TARGET_NAME)";
				PROVISIONING_PROFILE_SPECIFIER = "";
				SWIFT_VERSION = 4.0;
				TARGETED_DEVICE_FAMILY = "1,2";
			};
			name = Release;
		};
/* End XCBuildConfiguration section */

/* Begin XCConfigurationList section */
		7AF3A37621919AAF00ED6676 /* Build configuration list for PBXProject "Sample1" */ = {
			isa = XCConfigurationList;
			buildConfigurations = (
				7AF3A38B21919AB200ED6676 /* Debug */,
				7AF3A38C21919AB200ED6676 /* Release */,
			);
			defaultConfigurationIsVisible = 0;
			defaultConfigurationName = Release;
		};
		7AF3A38D21919AB200ED6676 /* Build configuration list for PBXNativeTarget "Sample1" */ = {
			isa = XCConfigurationList;
			buildConfigurations = (
				7AF3A38E21919AB200ED6676 /* Debug */,
				7AF3A38F21919AB200ED6676 /* Release */,
			);
			defaultConfigurationIsVisible = 0;
			defaultConfigurationName = Release;
		};
/* End XCConfigurationList section */
	};
	rootObject = 7AF3A37321919AAF00ED6676 /* Project object */;
}
